
Microsoft Visual Studio Solution File, Format Version 12.00
# Visual Studio Version 16
VisualStudioVersion = 16.0.29613.14
MinimumVisualStudioVersion = 10.0.40219.1
Project("{FAE04EC0-301F-11D3-BF4B-00C04F79EFBC}") = "LetterCounter", "LetterCounter\LetterCounter.csproj", "{CEC2BC08-CD8D-4DD9-9AA6-39378AFCF4D5}"
EndProject
Global
	GlobalSection(SolutionConfigurationPlatforms) = preSolution
		Debug|Any CPU = Debug|Any CPU
		Release|Any CPU = Release|Any CPU
	EndGlobalSection
	GlobalSection(ProjectConfigurationPlatforms) = postSolution
		{CEC2BC08-CD8D-4DD9-9AA6-39378AFCF4D5}.Debug|Any CPU.ActiveCfg = Debug|Any CPU
		{CEC2BC08-CD8D-4DD9-9AA6-39378AFCF4D5}.Debug|Any CPU.Build.0 = Debug|Any CPU
		{CEC2BC08-CD8D-4DD9-9AA6-39378AFCF4D5}.Release|Any CPU.ActiveCfg = Release|Any CPU
		{CEC2BC08-CD8D-4DD9-9AA6-39378AFCF4D5}.Release|Any CPU.Build.0 = Release|Any CPU
	EndGlobalSection
	GlobalSection(SolutionProperties) = preSolution
		HideSolutionNode = FALSE
	EndGlobalSection
	GlobalSection(ExtensibilityGlobals) = postSolution
		SolutionGuid = {CC19705C-70EC-44E2-8CF3-F49FDE988674}
	EndGlobalSection
EndGlobal
